
Microsoft Visual Studio Solution File, Format Version 12.00
# Visual Studio Version 16
VisualStudioVersion = 16.0.30503.244
MinimumVisualStudioVersion = 10.0.40219.1
Project("{8BC9CEB8-8B4A-11D0-8D11-00A0C91BC942}") = "9-10", "9-10\9-10.vcxproj", "{896AE18C-E837-450D-AE4A-A43CB81B1DEA}"
EndProject
Global
	GlobalSection(SolutionConfigurationPlatforms) = preSolution
		Debug|x64 = Debug|x64
		Debug|x86 = Debug|x86
		Release|x64 = Release|x64
		Release|x86 = Release|x86
	EndGlobalSection
	GlobalSection(ProjectConfigurationPlatforms) = postSolution
		{896AE18C-E837-450D-AE4A-A43CB81B1DEA}.Debug|x64.ActiveCfg = Debug|x64
		{896AE18C-E837-450D-AE4A-A43CB81B1DEA}.Debug|x64.Build.0 = Debug|x64
		{896AE18C-E837-450D-AE4A-A43CB81B1DEA}.Debug|x86.ActiveCfg = Debug|Win32
		{896AE18C-E837-450D-AE4A-A43CB81B1DEA}.Debug|x86.Build.0 = Debug|Win32
		{896AE18C-E837-450D-AE4A-A43CB81B1DEA}.Release|x64.ActiveCfg = Release|x64
		{896AE18C-E837-450D-AE4A-A43CB81B1DEA}.Release|x64.Build.0 = Release|x64
		{896AE18C-E837-450D-AE4A-A43CB81B1DEA}.Release|x86.ActiveCfg = Release|Win32
		{896AE18C-E837-450D-AE4A-A43CB81B1DEA}.Release|x86.Build.0 = Release|Win32
	EndGlobalSection
	GlobalSection(SolutionProperties) = preSolution
		HideSolutionNode = FALSE
	EndGlobalSection
	GlobalSection(ExtensibilityGlobals) = postSolution
		SolutionGuid = {5889F0DD-C323-42DD-B452-FC5BA60CFEC2}
	EndGlobalSection
EndGlobal
